
Microsoft Visual Studio Solution File, Format Version 12.00
# Visual Studio Version 17
VisualStudioVersion = 17.5.33627.172
MinimumVisualStudioVersion = 10.0.40219.1
Project("{FAE04EC0-301F-11D3-BF4B-00C04F79EFBC}") = "BookStore.DAL", "BookStore.DAL\BookStore.DAL.csproj", "{2E7EAC73-CECC-45DD-8519-89F3EE1C4542}"
EndProject
Project("{FAE04EC0-301F-11D3-BF4B-00C04F79EFBC}") = "BookStore.BLL", "BookStore.BLL\BookStore.BLL.csproj", "{38B7DF28-72C2-4CDB-B035-DFE603FD3EF6}"
EndProject
Project("{FAE04EC0-301F-11D3-BF4B-00C04F79EFBC}") = "BookStore.APIs", "BookStore.APIs\BookStore.APIs.csproj", "{24938DB2-608C-4117-A132-9A2B9622ED57}"
EndProject
Global
	GlobalSection(SolutionConfigurationPlatforms) = preSolution
		Debug|Any CPU = Debug|Any CPU
		Release|Any CPU = Release|Any CPU
	EndGlobalSection
	GlobalSection(ProjectConfigurationPlatforms) = postSolution
		{2E7EAC73-CECC-45DD-8519-89F3EE1C4542}.Debug|Any CPU.ActiveCfg = Debug|Any CPU
		{2E7EAC73-CECC-45DD-8519-89F3EE1C4542}.Debug|Any CPU.Build.0 = Debug|Any CPU
		{2E7EAC73-CECC-45DD-8519-89F3EE1C4542}.Release|Any CPU.ActiveCfg = Release|Any CPU
		{2E7EAC73-CECC-45DD-8519-89F3EE1C4542}.Release|Any CPU.Build.0 = Release|Any CPU
		{38B7DF28-72C2-4CDB-B035-DFE603FD3EF6}.Debug|Any CPU.ActiveCfg = Debug|Any CPU
		{38B7DF28-72C2-4CDB-B035-DFE603FD3EF6}.Debug|Any CPU.Build.0 = Debug|Any CPU
		{38B7DF28-72C2-4CDB-B035-DFE603FD3EF6}.Release|Any CPU.ActiveCfg = Release|Any CPU
		{38B7DF28-72C2-4CDB-B035-DFE603FD3EF6}.Release|Any CPU.Build.0 = Release|Any CPU
		{24938DB2-608C-4117-A132-9A2B9622ED57}.Debug|Any CPU.ActiveCfg = Debug|Any CPU
		{24938DB2-608C-4117-A132-9A2B9622ED57}.Debug|Any CPU.Build.0 = Debug|Any CPU
		{24938DB2-608C-4117-A132-9A2B9622ED57}.Release|Any CPU.ActiveCfg = Release|Any CPU
		{24938DB2-608C-4117-A132-9A2B9622ED57}.Release|Any CPU.Build.0 = Release|Any CPU
	EndGlobalSection
	GlobalSection(SolutionProperties) = preSolution
		HideSolutionNode = FALSE
	EndGlobalSection
	GlobalSection(ExtensibilityGlobals) = postSolution
		SolutionGuid = {049F064B-7DE7-415C-AB0C-9FE4C48205BC}
	EndGlobalSection
EndGlobal
